// !$*UTF8*$!
{
	archiveVersion = 1;
	classes = {
	};
	objectVersion = 56;
	objects = {

/* Begin PBXBuildFile section */
		04A746BA2B8464A700182C5F /* Here_HearApp.swift in Sources */ = {isa = PBXBuildFile; fileRef = 04A746B92B8464A700182C5F /* Here_HearApp.swift */; };
		04A746BC2B8464A700182C5F /* AuthenticatedView.swift in Sources */ = {isa = PBXBuildFile; fileRef = 04A746BB2B8464A700182C5F /* AuthenticatedView.swift */; };
		04A746BE2B8464A800182C5F /* Assets.xcassets in Resources */ = {isa = PBXBuildFile; fileRef = 04A746BD2B8464A800182C5F /* Assets.xcassets */; };
		04A746C12B8464A800182C5F /* Preview Assets.xcassets in Resources */ = {isa = PBXBuildFile; fileRef = 04A746C02B8464A800182C5F /* Preview Assets.xcassets */; };
		04A746CB2B8464A800182C5F /* Here_HearTests.swift in Sources */ = {isa = PBXBuildFile; fileRef = 04A746CA2B8464A800182C5F /* Here_HearTests.swift */; };
		04A746D52B8464A800182C5F /* Here_HearUITests.swift in Sources */ = {isa = PBXBuildFile; fileRef = 04A746D42B8464A800182C5F /* Here_HearUITests.swift */; };
		04A746D72B8464A800182C5F /* Here_HearUITestsLaunchTests.swift in Sources */ = {isa = PBXBuildFile; fileRef = 04A746D62B8464A800182C5F /* Here_HearUITestsLaunchTests.swift */; };
		04A746ED2B84670300182C5F /* NotificationManager.swift in Sources */ = {isa = PBXBuildFile; fileRef = 04A746EC2B84670300182C5F /* NotificationManager.swift */; };
		04A746EF2B84671900182C5F /* UserEntity.swift in Sources */ = {isa = PBXBuildFile; fileRef = 04A746EE2B84671900182C5F /* UserEntity.swift */; };
		04A746F12B84672300182C5F /* HearEntity.swift in Sources */ = {isa = PBXBuildFile; fileRef = 04A746F02B84672300182C5F /* HearEntity.swift */; };
		04A746F32B84673200182C5F /* MusicEntity.swift in Sources */ = {isa = PBXBuildFile; fileRef = 04A746F22B84673200182C5F /* MusicEntity.swift */; };
		04A746F52B84673900182C5F /* FeelingEntity.swift in Sources */ = {isa = PBXBuildFile; fileRef = 04A746F42B84673900182C5F /* FeelingEntity.swift */; };
		04A746FD2B84678F00182C5F /* UserModel.swift in Sources */ = {isa = PBXBuildFile; fileRef = 04A746FC2B84678F00182C5F /* UserModel.swift */; };
		04A746FF2B84679700182C5F /* HearModel.swift in Sources */ = {isa = PBXBuildFile; fileRef = 04A746FE2B84679700182C5F /* HearModel.swift */; };
		04A747012B84679E00182C5F /* MusicModel.swift in Sources */ = {isa = PBXBuildFile; fileRef = 04A747002B84679E00182C5F /* MusicModel.swift */; };
		04A747032B8467A300182C5F /* FeelingModel.swift in Sources */ = {isa = PBXBuildFile; fileRef = 04A747022B8467A300182C5F /* FeelingModel.swift */; };
		04A747072B8467E100182C5F /* MainView.swift in Sources */ = {isa = PBXBuildFile; fileRef = 04A747062B8467E100182C5F /* MainView.swift */; };
		04A747092B8467FB00182C5F /* Services.swift in Sources */ = {isa = PBXBuildFile; fileRef = 04A747082B8467FB00182C5F /* Services.swift */; };
		04A7471C2B849C2E00182C5F /* AppDelegate.swift in Sources */ = {isa = PBXBuildFile; fileRef = 04A7471B2B849C2E00182C5F /* AppDelegate.swift */; };
		04A747202B85C37E00182C5F /* Weather.swift in Sources */ = {isa = PBXBuildFile; fileRef = 04A7471F2B85C37E00182C5F /* Weather.swift */; };
		04A747222B85D72400182C5F /* CGPoint+Extension.swift in Sources */ = {isa = PBXBuildFile; fileRef = 04A747212B85D72400182C5F /* CGPoint+Extension.swift */; };
		04A747242B85DCDB00182C5F /* Color+StringConverter.swift in Sources */ = {isa = PBXBuildFile; fileRef = 04A747232B85DCDB00182C5F /* Color+StringConverter.swift */; };
		04A747272B8738F900182C5F /* GoogleSignIn in Frameworks */ = {isa = PBXBuildFile; productRef = 04A747262B8738F900182C5F /* GoogleSignIn */; };
		04A747292B8738F900182C5F /* GoogleSignInSwift in Frameworks */ = {isa = PBXBuildFile; productRef = 04A747282B8738F900182C5F /* GoogleSignInSwift */; };
		04A7472F2B88600100182C5F /* LoginView.swift in Sources */ = {isa = PBXBuildFile; fileRef = 04A7472E2B88600100182C5F /* LoginView.swift */; };
		04A747332B88647800182C5F /* AuthViewModel.swift in Sources */ = {isa = PBXBuildFile; fileRef = 04A747322B88647800182C5F /* AuthViewModel.swift */; };
		04A747372B8872D100182C5F /* ServiceError.swift in Sources */ = {isa = PBXBuildFile; fileRef = 04A747362B8872D100182C5F /* ServiceError.swift */; };
		04A747392B89AD6F00182C5F /* LoginButtonStyle.swift in Sources */ = {isa = PBXBuildFile; fileRef = 04A747382B89AD6F00182C5F /* LoginButtonStyle.swift */; };
		04A747402B8C31E900182C5F /* RandomNonceString.swift in Sources */ = {isa = PBXBuildFile; fileRef = 04A7473F2B8C31E900182C5F /* RandomNonceString.swift */; };
		04A747422B8C320C00182C5F /* SHA256.swift in Sources */ = {isa = PBXBuildFile; fileRef = 04A747412B8C320C00182C5F /* SHA256.swift */; };
		04A747492B8DB9C400182C5F /* Geohash in Frameworks */ = {isa = PBXBuildFile; productRef = 04A747482B8DB9C400182C5F /* Geohash */; };
		04A7474B2B8DBA6100182C5F /* LocationModel.swift in Sources */ = {isa = PBXBuildFile; fileRef = 04A7474A2B8DBA6100182C5F /* LocationModel.swift */; };
		04A7474D2B8DBAD200182C5F /* GeohashPrecision.swift in Sources */ = {isa = PBXBuildFile; fileRef = 04A7474C2B8DBAD200182C5F /* GeohashPrecision.swift */; };
		04A7474F2B8DBB1700182C5F /* MusicEntity+Mock.swift in Sources */ = {isa = PBXBuildFile; fileRef = 04A7474E2B8DBB1700182C5F /* MusicEntity+Mock.swift */; };
		04A747512B8DBB2800182C5F /* HearEntity+Mock.swift in Sources */ = {isa = PBXBuildFile; fileRef = 04A747502B8DBB2800182C5F /* HearEntity+Mock.swift */; };
		04A747532B8DBB3600182C5F /* FeelingEntity+Mock.swift in Sources */ = {isa = PBXBuildFile; fileRef = 04A747522B8DBB3600182C5F /* FeelingEntity+Mock.swift */; };
		04A747552B8DBB7500182C5F /* LocationEntity.swift in Sources */ = {isa = PBXBuildFile; fileRef = 04A747542B8DBB7500182C5F /* LocationEntity.swift */; };
		04A747582B8DBBF900182C5F /* GeohashService.swift in Sources */ = {isa = PBXBuildFile; fileRef = 04A747572B8DBBF900182C5F /* GeohashService.swift */; };
		04A747962B934C4000182C5F /* MusicManger.swift in Sources */ = {isa = PBXBuildFile; fileRef = 04A747952B934C4000182C5F /* MusicManger.swift */; };
		04A747982B9354C100182C5F /* MusicViewModel.swift in Sources */ = {isa = PBXBuildFile; fileRef = 04A747972B9354C100182C5F /* MusicViewModel.swift */; };
		04A7479A2B93563B00182C5F /* AddMusicToHear.swift in Sources */ = {isa = PBXBuildFile; fileRef = 04A747992B93563B00182C5F /* AddMusicToHear.swift */; };
		04A7479C2B9363DE00182C5F /* ManagerError.swift in Sources */ = {isa = PBXBuildFile; fileRef = 04A7479B2B9363DE00182C5F /* ManagerError.swift */; };
		04A747A02B95E73500182C5F /* CameraHomeView.swift in Sources */ = {isa = PBXBuildFile; fileRef = 04A7479F2B95E73500182C5F /* CameraHomeView.swift */; };
		04C014572BA32441005F1A77 /* GoogleService-Info.plist in Resources */ = {isa = PBXBuildFile; fileRef = 04C014562BA32441005F1A77 /* GoogleService-Info.plist */; };
		04C0145A2BA32541005F1A77 /* FirebaseAuth in Frameworks */ = {isa = PBXBuildFile; productRef = 04C014592BA32541005F1A77 /* FirebaseAuth */; };
		04C0145C2BA32541005F1A77 /* FirebaseFirestore in Frameworks */ = {isa = PBXBuildFile; productRef = 04C0145B2BA32541005F1A77 /* FirebaseFirestore */; };
		04C0145E2BA32541005F1A77 /* FirebaseStorage in Frameworks */ = {isa = PBXBuildFile; productRef = 04C0145D2BA32541005F1A77 /* FirebaseStorage */; };
		04C014602BA483D9005F1A77 /* CameraViewModel.swift in Sources */ = {isa = PBXBuildFile; fileRef = 04C0145F2BA483D9005F1A77 /* CameraViewModel.swift */; };
		04C014622BA484DD005F1A77 /* CameraView.swift in Sources */ = {isa = PBXBuildFile; fileRef = 04C014612BA484DD005F1A77 /* CameraView.swift */; };
		04C014642BA9B87B005F1A77 /*  VideoTextAddingView.swift in Sources */ = {isa = PBXBuildFile; fileRef = 04C014632BA9B87A005F1A77 /*  VideoTextAddingView.swift */; };
		5B0142D42B9346F00033FB9C /* RegisterNicknameView.swift in Sources */ = {isa = PBXBuildFile; fileRef = 5B0142D32B9346F00033FB9C /* RegisterNicknameView.swift */; };
		5B0142D62B9347040033FB9C /* RegisterProfileImageView.swift in Sources */ = {isa = PBXBuildFile; fileRef = 5B0142D52B9347040033FB9C /* RegisterProfileImageView.swift */; };
		5B0142D92B9356670033FB9C /* NicknameTextField.swift in Sources */ = {isa = PBXBuildFile; fileRef = 5B0142D82B9356670033FB9C /* NicknameTextField.swift */; };
		5B0142DE2B9368CD0033FB9C /* OnBoardRouterView.swift in Sources */ = {isa = PBXBuildFile; fileRef = 5B0142DD2B9368CD0033FB9C /* OnBoardRouterView.swift */; };
		5B0142E02B9372CC0033FB9C /* OnBoardingView.swift in Sources */ = {isa = PBXBuildFile; fileRef = 5B0142DF2B9372CC0033FB9C /* OnBoardingView.swift */; };
		5B0142E22B95EAC40033FB9C /* RegisterNicknameViewModel.swift in Sources */ = {isa = PBXBuildFile; fileRef = 5B0142E12B95EAC40033FB9C /* RegisterNicknameViewModel.swift */; };
		5B0142E42B95ED5B0033FB9C /* OnBoardRouterViewModel.swift in Sources */ = {isa = PBXBuildFile; fileRef = 5B0142E32B95ED5B0033FB9C /* OnBoardRouterViewModel.swift */; };
		5B0142E62B960BCB0033FB9C /* HHProgressBar.swift in Sources */ = {isa = PBXBuildFile; fileRef = 5B0142E52B960BCB0033FB9C /* HHProgressBar.swift */; };
		5B0142E82B973FDC0033FB9C /* RegisterProfileImageViewModel.swift in Sources */ = {isa = PBXBuildFile; fileRef = 5B0142E72B973FDC0033FB9C /* RegisterProfileImageViewModel.swift */; };
		5B7690712B9892430023A26F /* ProfileImagePicker.swift in Sources */ = {isa = PBXBuildFile; fileRef = 5B7690702B9892430023A26F /* ProfileImagePicker.swift */; };
		5B7690742B98A35E0023A26F /* NavigationAdaptor.swift in Sources */ = {isa = PBXBuildFile; fileRef = 5B7690732B98A35E0023A26F /* NavigationAdaptor.swift */; };
		5BA429CD2B9C598C00998112 /* ImageService.swift in Sources */ = {isa = PBXBuildFile; fileRef = 5BA429CC2B9C598C00998112 /* ImageService.swift */; };
		5BA429CF2B9C59F700998112 /* ImageMemoryStorage.swift in Sources */ = {isa = PBXBuildFile; fileRef = 5BA429CE2B9C59F700998112 /* ImageMemoryStorage.swift */; };
		5BA429D12B9C5A0200998112 /* ImageDiskStorage.swift in Sources */ = {isa = PBXBuildFile; fileRef = 5BA429D02B9C5A0200998112 /* ImageDiskStorage.swift */; };
		5BDBBD192B846F9400DEB7DC /* Color+HexConverter.swift in Sources */ = {isa = PBXBuildFile; fileRef = 5BDBBD182B846F9400DEB7DC /* Color+HexConverter.swift */; };
		5BDBBD1B2B846F9F00DEB7DC /* DIContainer.swift in Sources */ = {isa = PBXBuildFile; fileRef = 5BDBBD1A2B846F9F00DEB7DC /* DIContainer.swift */; };
		5BDBBD1D2B846FA900DEB7DC /* ViewComponent.swift in Sources */ = {isa = PBXBuildFile; fileRef = 5BDBBD1C2B846FA900DEB7DC /* ViewComponent.swift */; };
		5BDBBD212B8476AC00DEB7DC /* UserRepository.swift in Sources */ = {isa = PBXBuildFile; fileRef = 5BDBBD202B8476AC00DEB7DC /* UserRepository.swift */; };
		5BDBBD232B8476B900DEB7DC /* HearRepository.swift in Sources */ = {isa = PBXBuildFile; fileRef = 5BDBBD222B8476B900DEB7DC /* HearRepository.swift */; };
		5BDBBD252B8477C500DEB7DC /* MusicRepository.swift in Sources */ = {isa = PBXBuildFile; fileRef = 5BDBBD242B8477C500DEB7DC /* MusicRepository.swift */; };
		5BDBBD272B8479C400DEB7DC /* UserService.swift in Sources */ = {isa = PBXBuildFile; fileRef = 5BDBBD262B8479C400DEB7DC /* UserService.swift */; };
		5BDBBD2A2B8479D900DEB7DC /* HearService.swift in Sources */ = {isa = PBXBuildFile; fileRef = 5BDBBD292B8479D900DEB7DC /* HearService.swift */; };
		5BDBBD2C2B8479E700DEB7DC /* MusicService.swift in Sources */ = {isa = PBXBuildFile; fileRef = 5BDBBD2B2B8479E700DEB7DC /* MusicService.swift */; };
		5BDBBD2E2B847A2700DEB7DC /* AuthService.swift in Sources */ = {isa = PBXBuildFile; fileRef = 5BDBBD2D2B847A2700DEB7DC /* AuthService.swift */; };
		5BDBBD332B84800300DEB7DC /* Colors.xcassets in Resources */ = {isa = PBXBuildFile; fileRef = 5BDBBD322B84800300DEB7DC /* Colors.xcassets */; };
		5BDBBD352B8483D500DEB7DC /* Localizable.xcstrings in Resources */ = {isa = PBXBuildFile; fileRef = 5BDBBD342B8483D500DEB7DC /* Localizable.xcstrings */; };
		5BDBBD382B84844200DEB7DC /* InfoPlist.strings in Resources */ = {isa = PBXBuildFile; fileRef = 5BDBBD3A2B84844200DEB7DC /* InfoPlist.strings */; };
		5BDBBD3F2B84888500DEB7DC /* .swiftlint.yml in Resources */ = {isa = PBXBuildFile; fileRef = 5BDBBD3E2B84888500DEB7DC /* .swiftlint.yml */; };
		5BDEDCED2B99D9800055D40A /* ImageUploadService.swift in Sources */ = {isa = PBXBuildFile; fileRef = 5BDEDCEC2B99D9800055D40A /* ImageUploadService.swift */; };
		5BEA6AFE2B9F32D4006C48AC /* RemoteImage.swift in Sources */ = {isa = PBXBuildFile; fileRef = 5BEA6AFD2B9F32D4006C48AC /* RemoteImage.swift */; };
		5BEA6B012B9F33E6006C48AC /* RemoteImageViewModel.swift in Sources */ = {isa = PBXBuildFile; fileRef = 5BEA6B002B9F33E6006C48AC /* RemoteImageViewModel.swift */; };
		5BEA6B032B9F3522006C48AC /* StorageImageService.swift in Sources */ = {isa = PBXBuildFile; fileRef = 5BEA6B022B9F3522006C48AC /* StorageImageService.swift */; };
		5BEA6B052B9F3D0A006C48AC /* RemoteImageLoadingState.swift in Sources */ = {isa = PBXBuildFile; fileRef = 5BEA6B042B9F3D0A006C48AC /* RemoteImageLoadingState.swift */; };
/* End PBXBuildFile section */

/* Begin PBXContainerItemProxy section */
		04A746C72B8464A800182C5F /* PBXContainerItemProxy */ = {
			isa = PBXContainerItemProxy;
			containerPortal = 04A746AE2B8464A700182C5F /* Project object */;
			proxyType = 1;
			remoteGlobalIDString = 04A746B52B8464A700182C5F;
			remoteInfo = "Here-Hear";
		};
		04A746D12B8464A800182C5F /* PBXContainerItemProxy */ = {
			isa = PBXContainerItemProxy;
			containerPortal = 04A746AE2B8464A700182C5F /* Project object */;
			proxyType = 1;
			remoteGlobalIDString = 04A746B52B8464A700182C5F;
			remoteInfo = "Here-Hear";
		};
/* End PBXContainerItemProxy section */

/* Begin PBXFileReference section */
		04A746B62B8464A700182C5F /* Here-Hear.app */ = {isa = PBXFileReference; explicitFileType = wrapper.application; includeInIndex = 0; path = "Here-Hear.app"; sourceTree = BUILT_PRODUCTS_DIR; };
		04A746B92B8464A700182C5F /* Here_HearApp.swift */ = {isa = PBXFileReference; lastKnownFileType = sourcecode.swift; path = Here_HearApp.swift; sourceTree = "<group>"; };
		04A746BB2B8464A700182C5F /* AuthenticatedView.swift */ = {isa = PBXFileReference; lastKnownFileType = sourcecode.swift; path = AuthenticatedView.swift; sourceTree = "<group>"; };
		04A746BD2B8464A800182C5F /* Assets.xcassets */ = {isa = PBXFileReference; lastKnownFileType = folder.assetcatalog; path = Assets.xcassets; sourceTree = "<group>"; };
		04A746C02B8464A800182C5F /* Preview Assets.xcassets */ = {isa = PBXFileReference; lastKnownFileType = folder.assetcatalog; path = "Preview Assets.xcassets"; sourceTree = "<group>"; };
		04A746C62B8464A800182C5F /* Here-HearTests.xctest */ = {isa = PBXFileReference; explicitFileType = wrapper.cfbundle; includeInIndex = 0; path = "Here-HearTests.xctest"; sourceTree = BUILT_PRODUCTS_DIR; };
		04A746CA2B8464A800182C5F /* Here_HearTests.swift */ = {isa = PBXFileReference; lastKnownFileType = sourcecode.swift; path = Here_HearTests.swift; sourceTree = "<group>"; };
		04A746D02B8464A800182C5F /* Here-HearUITests.xctest */ = {isa = PBXFileReference; explicitFileType = wrapper.cfbundle; includeInIndex = 0; path = "Here-HearUITests.xctest"; sourceTree = BUILT_PRODUCTS_DIR; };
		04A746D42B8464A800182C5F /* Here_HearUITests.swift */ = {isa = PBXFileReference; lastKnownFileType = sourcecode.swift; path = Here_HearUITests.swift; sourceTree = "<group>"; };
		04A746D62B8464A800182C5F /* Here_HearUITestsLaunchTests.swift */ = {isa = PBXFileReference; lastKnownFileType = sourcecode.swift; path = Here_HearUITestsLaunchTests.swift; sourceTree = "<group>"; };
		04A746EC2B84670300182C5F /* NotificationManager.swift */ = {isa = PBXFileReference; lastKnownFileType = sourcecode.swift; path = NotificationManager.swift; sourceTree = "<group>"; };
		04A746EE2B84671900182C5F /* UserEntity.swift */ = {isa = PBXFileReference; lastKnownFileType = sourcecode.swift; path = UserEntity.swift; sourceTree = "<group>"; };
		04A746F02B84672300182C5F /* HearEntity.swift */ = {isa = PBXFileReference; lastKnownFileType = sourcecode.swift; path = HearEntity.swift; sourceTree = "<group>"; };
		04A746F22B84673200182C5F /* MusicEntity.swift */ = {isa = PBXFileReference; lastKnownFileType = sourcecode.swift; path = MusicEntity.swift; sourceTree = "<group>"; };
		04A746F42B84673900182C5F /* FeelingEntity.swift */ = {isa = PBXFileReference; lastKnownFileType = sourcecode.swift; path = FeelingEntity.swift; sourceTree = "<group>"; };
		04A746FC2B84678F00182C5F /* UserModel.swift */ = {isa = PBXFileReference; lastKnownFileType = sourcecode.swift; path = UserModel.swift; sourceTree = "<group>"; };
		04A746FE2B84679700182C5F /* HearModel.swift */ = {isa = PBXFileReference; lastKnownFileType = sourcecode.swift; path = HearModel.swift; sourceTree = "<group>"; };
		04A747002B84679E00182C5F /* MusicModel.swift */ = {isa = PBXFileReference; lastKnownFileType = sourcecode.swift; path = MusicModel.swift; sourceTree = "<group>"; };
		04A747022B8467A300182C5F /* FeelingModel.swift */ = {isa = PBXFileReference; lastKnownFileType = sourcecode.swift; path = FeelingModel.swift; sourceTree = "<group>"; };
		04A747062B8467E100182C5F /* MainView.swift */ = {isa = PBXFileReference; lastKnownFileType = sourcecode.swift; path = MainView.swift; sourceTree = "<group>"; };
		04A747082B8467FB00182C5F /* Services.swift */ = {isa = PBXFileReference; lastKnownFileType = sourcecode.swift; path = Services.swift; sourceTree = "<group>"; };
		04A7471B2B849C2E00182C5F /* AppDelegate.swift */ = {isa = PBXFileReference; lastKnownFileType = sourcecode.swift; path = AppDelegate.swift; sourceTree = "<group>"; };
		04A7471F2B85C37E00182C5F /* Weather.swift */ = {isa = PBXFileReference; lastKnownFileType = sourcecode.swift; path = Weather.swift; sourceTree = "<group>"; };
		04A747212B85D72400182C5F /* CGPoint+Extension.swift */ = {isa = PBXFileReference; lastKnownFileType = sourcecode.swift; path = "CGPoint+Extension.swift"; sourceTree = "<group>"; };
		04A747232B85DCDB00182C5F /* Color+StringConverter.swift */ = {isa = PBXFileReference; lastKnownFileType = sourcecode.swift; path = "Color+StringConverter.swift"; sourceTree = "<group>"; };
		04A7472E2B88600100182C5F /* LoginView.swift */ = {isa = PBXFileReference; lastKnownFileType = sourcecode.swift; path = LoginView.swift; sourceTree = "<group>"; };
		04A747322B88647800182C5F /* AuthViewModel.swift */ = {isa = PBXFileReference; lastKnownFileType = sourcecode.swift; path = AuthViewModel.swift; sourceTree = "<group>"; };
		04A747362B8872D100182C5F /* ServiceError.swift */ = {isa = PBXFileReference; lastKnownFileType = sourcecode.swift; path = ServiceError.swift; sourceTree = "<group>"; };
		04A747382B89AD6F00182C5F /* LoginButtonStyle.swift */ = {isa = PBXFileReference; lastKnownFileType = sourcecode.swift; path = LoginButtonStyle.swift; sourceTree = "<group>"; };
		04A7473E2B89D47A00182C5F /* Here-Hear.entitlements */ = {isa = PBXFileReference; lastKnownFileType = text.plist.entitlements; path = "Here-Hear.entitlements"; sourceTree = "<group>"; };
		04A7473F2B8C31E900182C5F /* RandomNonceString.swift */ = {isa = PBXFileReference; lastKnownFileType = sourcecode.swift; path = RandomNonceString.swift; sourceTree = "<group>"; };
		04A747412B8C320C00182C5F /* SHA256.swift */ = {isa = PBXFileReference; lastKnownFileType = sourcecode.swift; path = SHA256.swift; sourceTree = "<group>"; };
		04A7474A2B8DBA6100182C5F /* LocationModel.swift */ = {isa = PBXFileReference; lastKnownFileType = sourcecode.swift; path = LocationModel.swift; sourceTree = "<group>"; };
		04A7474C2B8DBAD200182C5F /* GeohashPrecision.swift */ = {isa = PBXFileReference; lastKnownFileType = sourcecode.swift; path = GeohashPrecision.swift; sourceTree = "<group>"; };
		04A7474E2B8DBB1700182C5F /* MusicEntity+Mock.swift */ = {isa = PBXFileReference; lastKnownFileType = sourcecode.swift; path = "MusicEntity+Mock.swift"; sourceTree = "<group>"; };
		04A747502B8DBB2800182C5F /* HearEntity+Mock.swift */ = {isa = PBXFileReference; lastKnownFileType = sourcecode.swift; path = "HearEntity+Mock.swift"; sourceTree = "<group>"; };
		04A747522B8DBB3600182C5F /* FeelingEntity+Mock.swift */ = {isa = PBXFileReference; lastKnownFileType = sourcecode.swift; path = "FeelingEntity+Mock.swift"; sourceTree = "<group>"; };
		04A747542B8DBB7500182C5F /* LocationEntity.swift */ = {isa = PBXFileReference; lastKnownFileType = sourcecode.swift; path = LocationEntity.swift; sourceTree = "<group>"; };
		04A747572B8DBBF900182C5F /* GeohashService.swift */ = {isa = PBXFileReference; lastKnownFileType = sourcecode.swift; path = GeohashService.swift; sourceTree = "<group>"; };
		04A747952B934C4000182C5F /* MusicManger.swift */ = {isa = PBXFileReference; lastKnownFileType = sourcecode.swift; path = MusicManger.swift; sourceTree = "<group>"; };
		04A747972B9354C100182C5F /* MusicViewModel.swift */ = {isa = PBXFileReference; lastKnownFileType = sourcecode.swift; path = MusicViewModel.swift; sourceTree = "<group>"; };
		04A747992B93563B00182C5F /* AddMusicToHear.swift */ = {isa = PBXFileReference; lastKnownFileType = sourcecode.swift; path = AddMusicToHear.swift; sourceTree = "<group>"; };
		04A7479B2B9363DE00182C5F /* ManagerError.swift */ = {isa = PBXFileReference; lastKnownFileType = sourcecode.swift; path = ManagerError.swift; sourceTree = "<group>"; };
		04A7479F2B95E73500182C5F /* CameraHomeView.swift */ = {isa = PBXFileReference; lastKnownFileType = sourcecode.swift; path = CameraHomeView.swift; sourceTree = "<group>"; };
		04C014562BA32441005F1A77 /* GoogleService-Info.plist */ = {isa = PBXFileReference; fileEncoding = 4; lastKnownFileType = text.plist.xml; name = "GoogleService-Info.plist"; path = "../../../Downloads/GoogleService-Info.plist"; sourceTree = "<group>"; };
		04C0145F2BA483D9005F1A77 /* CameraViewModel.swift */ = {isa = PBXFileReference; lastKnownFileType = sourcecode.swift; path = CameraViewModel.swift; sourceTree = "<group>"; };
		04C014612BA484DD005F1A77 /* CameraView.swift */ = {isa = PBXFileReference; lastKnownFileType = sourcecode.swift; path = CameraView.swift; sourceTree = "<group>"; };
		04C014632BA9B87A005F1A77 /*  VideoTextAddingView.swift */ = {isa = PBXFileReference; lastKnownFileType = sourcecode.swift; path = " VideoTextAddingView.swift"; sourceTree = "<group>"; };
		5B0142D32B9346F00033FB9C /* RegisterNicknameView.swift */ = {isa = PBXFileReference; lastKnownFileType = sourcecode.swift; path = RegisterNicknameView.swift; sourceTree = "<group>"; };
		5B0142D52B9347040033FB9C /* RegisterProfileImageView.swift */ = {isa = PBXFileReference; lastKnownFileType = sourcecode.swift; path = RegisterProfileImageView.swift; sourceTree = "<group>"; };
		5B0142D82B9356670033FB9C /* NicknameTextField.swift */ = {isa = PBXFileReference; lastKnownFileType = sourcecode.swift; path = NicknameTextField.swift; sourceTree = "<group>"; };
		5B0142DD2B9368CD0033FB9C /* OnBoardRouterView.swift */ = {isa = PBXFileReference; lastKnownFileType = sourcecode.swift; path = OnBoardRouterView.swift; sourceTree = "<group>"; };
		5B0142DF2B9372CC0033FB9C /* OnBoardingView.swift */ = {isa = PBXFileReference; lastKnownFileType = sourcecode.swift; path = OnBoardingView.swift; sourceTree = "<group>"; };
		5B0142E12B95EAC40033FB9C /* RegisterNicknameViewModel.swift */ = {isa = PBXFileReference; lastKnownFileType = sourcecode.swift; path = RegisterNicknameViewModel.swift; sourceTree = "<group>"; };
		5B0142E32B95ED5B0033FB9C /* OnBoardRouterViewModel.swift */ = {isa = PBXFileReference; lastKnownFileType = sourcecode.swift; path = OnBoardRouterViewModel.swift; sourceTree = "<group>"; };
		5B0142E52B960BCB0033FB9C /* HHProgressBar.swift */ = {isa = PBXFileReference; lastKnownFileType = sourcecode.swift; path = HHProgressBar.swift; sourceTree = "<group>"; };
		5B0142E72B973FDC0033FB9C /* RegisterProfileImageViewModel.swift */ = {isa = PBXFileReference; lastKnownFileType = sourcecode.swift; path = RegisterProfileImageViewModel.swift; sourceTree = "<group>"; };
		5B7690702B9892430023A26F /* ProfileImagePicker.swift */ = {isa = PBXFileReference; lastKnownFileType = sourcecode.swift; path = ProfileImagePicker.swift; sourceTree = "<group>"; };
		5B7690732B98A35E0023A26F /* NavigationAdaptor.swift */ = {isa = PBXFileReference; lastKnownFileType = sourcecode.swift; path = NavigationAdaptor.swift; sourceTree = "<group>"; };
		5BA429CC2B9C598C00998112 /* ImageService.swift */ = {isa = PBXFileReference; lastKnownFileType = sourcecode.swift; path = ImageService.swift; sourceTree = "<group>"; };
		5BA429CE2B9C59F700998112 /* ImageMemoryStorage.swift */ = {isa = PBXFileReference; lastKnownFileType = sourcecode.swift; path = ImageMemoryStorage.swift; sourceTree = "<group>"; };
		5BA429D02B9C5A0200998112 /* ImageDiskStorage.swift */ = {isa = PBXFileReference; lastKnownFileType = sourcecode.swift; path = ImageDiskStorage.swift; sourceTree = "<group>"; };
		5BDBBD182B846F9400DEB7DC /* Color+HexConverter.swift */ = {isa = PBXFileReference; lastKnownFileType = sourcecode.swift; path = "Color+HexConverter.swift"; sourceTree = "<group>"; };
		5BDBBD1A2B846F9F00DEB7DC /* DIContainer.swift */ = {isa = PBXFileReference; lastKnownFileType = sourcecode.swift; path = DIContainer.swift; sourceTree = "<group>"; };
		5BDBBD1C2B846FA900DEB7DC /* ViewComponent.swift */ = {isa = PBXFileReference; lastKnownFileType = sourcecode.swift; path = ViewComponent.swift; sourceTree = "<group>"; };
		5BDBBD202B8476AC00DEB7DC /* UserRepository.swift */ = {isa = PBXFileReference; lastKnownFileType = sourcecode.swift; path = UserRepository.swift; sourceTree = "<group>"; };
		5BDBBD222B8476B900DEB7DC /* HearRepository.swift */ = {isa = PBXFileReference; lastKnownFileType = sourcecode.swift; path = HearRepository.swift; sourceTree = "<group>"; };
		5BDBBD242B8477C500DEB7DC /* MusicRepository.swift */ = {isa = PBXFileReference; lastKnownFileType = sourcecode.swift; path = MusicRepository.swift; sourceTree = "<group>"; };
		5BDBBD262B8479C400DEB7DC /* UserService.swift */ = {isa = PBXFileReference; lastKnownFileType = sourcecode.swift; path = UserService.swift; sourceTree = "<group>"; };
		5BDBBD292B8479D900DEB7DC /* HearService.swift */ = {isa = PBXFileReference; lastKnownFileType = sourcecode.swift; path = HearService.swift; sourceTree = "<group>"; };
		5BDBBD2B2B8479E700DEB7DC /* MusicService.swift */ = {isa = PBXFileReference; lastKnownFileType = sourcecode.swift; path = MusicService.swift; sourceTree = "<group>"; };
		5BDBBD2D2B847A2700DEB7DC /* AuthService.swift */ = {isa = PBXFileReference; lastKnownFileType = sourcecode.swift; path = AuthService.swift; sourceTree = "<group>"; };
		5BDBBD322B84800300DEB7DC /* Colors.xcassets */ = {isa = PBXFileReference; lastKnownFileType = folder.assetcatalog; path = Colors.xcassets; sourceTree = "<group>"; };
		5BDBBD342B8483D500DEB7DC /* Localizable.xcstrings */ = {isa = PBXFileReference; lastKnownFileType = text.json.xcstrings; path = Localizable.xcstrings; sourceTree = "<group>"; };
		5BDBBD392B84844200DEB7DC /* en */ = {isa = PBXFileReference; lastKnownFileType = text.plist.strings; name = en; path = en.lproj/InfoPlist.strings; sourceTree = "<group>"; };
		5BDBBD3B2B84844700DEB7DC /* ko */ = {isa = PBXFileReference; lastKnownFileType = text.plist.strings; name = ko; path = ko.lproj/InfoPlist.strings; sourceTree = "<group>"; };
		5BDBBD3C2B8484F000DEB7DC /* Info.plist */ = {isa = PBXFileReference; lastKnownFileType = text.plist; path = Info.plist; sourceTree = "<group>"; };
		5BDBBD3E2B84888500DEB7DC /* .swiftlint.yml */ = {isa = PBXFileReference; lastKnownFileType = text.yaml; path = .swiftlint.yml; sourceTree = "<group>"; };
		5BDEDCEC2B99D9800055D40A /* ImageUploadService.swift */ = {isa = PBXFileReference; lastKnownFileType = sourcecode.swift; path = ImageUploadService.swift; sourceTree = "<group>"; };
		5BEA6AFD2B9F32D4006C48AC /* RemoteImage.swift */ = {isa = PBXFileReference; lastKnownFileType = sourcecode.swift; path = RemoteImage.swift; sourceTree = "<group>"; };
		5BEA6B002B9F33E6006C48AC /* RemoteImageViewModel.swift */ = {isa = PBXFileReference; lastKnownFileType = sourcecode.swift; path = RemoteImageViewModel.swift; sourceTree = "<group>"; };
		5BEA6B022B9F3522006C48AC /* StorageImageService.swift */ = {isa = PBXFileReference; lastKnownFileType = sourcecode.swift; path = StorageImageService.swift; sourceTree = "<group>"; };
		5BEA6B042B9F3D0A006C48AC /* RemoteImageLoadingState.swift */ = {isa = PBXFileReference; lastKnownFileType = sourcecode.swift; path = RemoteImageLoadingState.swift; sourceTree = "<group>"; };
/* End PBXFileReference section */

/* Begin PBXFrameworksBuildPhase section */
		04A746B32B8464A700182C5F /* Frameworks */ = {
			isa = PBXFrameworksBuildPhase;
			buildActionMask = 2147483647;
			files = (
				04A747272B8738F900182C5F /* GoogleSignIn in Frameworks */,
				04A747492B8DB9C400182C5F /* Geohash in Frameworks */,
				04A747292B8738F900182C5F /* GoogleSignInSwift in Frameworks */,
				04C0145C2BA32541005F1A77 /* FirebaseFirestore in Frameworks */,
				04C0145A2BA32541005F1A77 /* FirebaseAuth in Frameworks */,
				04C0145E2BA32541005F1A77 /* FirebaseStorage in Frameworks */,
			);
			runOnlyForDeploymentPostprocessing = 0;
		};
		04A746C32B8464A800182C5F /* Frameworks */ = {
			isa = PBXFrameworksBuildPhase;
			buildActionMask = 2147483647;
			files = (
			);
			runOnlyForDeploymentPostprocessing = 0;
		};
		04A746CD2B8464A800182C5F /* Frameworks */ = {
			isa = PBXFrameworksBuildPhase;
			buildActionMask = 2147483647;
			files = (
			);
			runOnlyForDeploymentPostprocessing = 0;
		};
/* End PBXFrameworksBuildPhase section */

/* Begin PBXGroup section */
		04A746AD2B8464A700182C5F = {
			isa = PBXGroup;
			children = (
				5BDBBD3E2B84888500DEB7DC /* .swiftlint.yml */,
				04A746B82B8464A700182C5F /* Here-Hear */,
				04A746C92B8464A800182C5F /* Here-HearTests */,
				04A746D32B8464A800182C5F /* Here-HearUITests */,
				04A746B72B8464A700182C5F /* Products */,
			);
			sourceTree = "<group>";
		};
		04A746B72B8464A700182C5F /* Products */ = {
			isa = PBXGroup;
			children = (
				04A746B62B8464A700182C5F /* Here-Hear.app */,
				04A746C62B8464A800182C5F /* Here-HearTests.xctest */,
				04A746D02B8464A800182C5F /* Here-HearUITests.xctest */,
			);
			name = Products;
			sourceTree = "<group>";
		};
		04A746B82B8464A700182C5F /* Here-Hear */ = {
			isa = PBXGroup;
			children = (
				04A7473E2B89D47A00182C5F /* Here-Hear.entitlements */,
				04C014562BA32441005F1A77 /* GoogleService-Info.plist */,
				5BDBBD3C2B8484F000DEB7DC /* Info.plist */,
				5BDBBD132B846F4C00DEB7DC /* General */,
				04A746BF2B8464A800182C5F /* Preview Content */,
				04A746EB2B84668E00182C5F /* App */,
				04A746EA2B84665100182C5F /* Resource */,
				04A746E92B84663A00182C5F /* Manager */,
				04A746E72B84660300182C5F /* Repository */,
				04A746E62B8465C200182C5F /* Service */,
				04A746E42B8465B700182C5F /* View */,
				04A746E32B84659700182C5F /* Model */,
				04A746BB2B8464A700182C5F /* AuthenticatedView.swift */,
			);
			path = "Here-Hear";
			sourceTree = "<group>";
		};
		04A746BF2B8464A800182C5F /* Preview Content */ = {
			isa = PBXGroup;
			children = (
				04A746C02B8464A800182C5F /* Preview Assets.xcassets */,
				04A7474E2B8DBB1700182C5F /* MusicEntity+Mock.swift */,
				04A747502B8DBB2800182C5F /* HearEntity+Mock.swift */,
				04A747522B8DBB3600182C5F /* FeelingEntity+Mock.swift */,
			);
			path = "Preview Content";
			sourceTree = "<group>";
		};
		04A746C92B8464A800182C5F /* Here-HearTests */ = {
			isa = PBXGroup;
			children = (
				04A746CA2B8464A800182C5F /* Here_HearTests.swift */,
			);
			path = "Here-HearTests";
			sourceTree = "<group>";
		};
		04A746D32B8464A800182C5F /* Here-HearUITests */ = {
			isa = PBXGroup;
			children = (
				04A746D42B8464A800182C5F /* Here_HearUITests.swift */,
				04A746D62B8464A800182C5F /* Here_HearUITestsLaunchTests.swift */,
			);
			path = "Here-HearUITests";
			sourceTree = "<group>";
		};
		04A746E32B84659700182C5F /* Model */ = {
			isa = PBXGroup;
			children = (
				04A746FC2B84678F00182C5F /* UserModel.swift */,
				04A746FE2B84679700182C5F /* HearModel.swift */,
				04A747002B84679E00182C5F /* MusicModel.swift */,
				04A747022B8467A300182C5F /* FeelingModel.swift */,
				04A7471F2B85C37E00182C5F /* Weather.swift */,
				04A7474A2B8DBA6100182C5F /* LocationModel.swift */,
				04A7474C2B8DBAD200182C5F /* GeohashPrecision.swift */,
			);
			path = Model;
			sourceTree = "<group>";
		};
		04A746E42B8465B700182C5F /* View */ = {
			isa = PBXGroup;
			children = (
				04A746E52B8465BC00182C5F /* ViewModel */,
				04A747062B8467E100182C5F /* MainView.swift */,
				04A7472E2B88600100182C5F /* LoginView.swift */,
				04A747992B93563B00182C5F /* AddMusicToHear.swift */,
				04A7479F2B95E73500182C5F /* CameraHomeView.swift */,
				04C014612BA484DD005F1A77 /* CameraView.swift */,
				04C014632BA9B87A005F1A77 /*  VideoTextAddingView.swift */,
				5B0142D72B9347080033FB9C /* RegisterProfile */,
				5B0142DC2B9368A80033FB9C /* OnBoard */,
			);
			path = View;
			sourceTree = "<group>";
		};
		04A746E52B8465BC00182C5F /* ViewModel */ = {
			isa = PBXGroup;
			children = (
				04A747322B88647800182C5F /* AuthViewModel.swift */,
				04A747972B9354C100182C5F /* MusicViewModel.swift */,
				04C0145F2BA483D9005F1A77 /* CameraViewModel.swift */,
			);
			path = ViewModel;
			sourceTree = "<group>";
		};
		04A746E62B8465C200182C5F /* Service */ = {
			isa = PBXGroup;
			children = (
				04A747082B8467FB00182C5F /* Services.swift */,
				04A747362B8872D100182C5F /* ServiceError.swift */,
				5BDEDCEE2B99DBFC0055D40A /* Image */,
				04A747562B8DBBE600182C5F /* Geohash */,
				5BDBBD302B847A3100DEB7DC /* Hear */,
				5BDBBD2F2B847A2A00DEB7DC /* Auth */,
				5BDBBD312B847A3800DEB7DC /* Music */,
				5BDBBD282B8479CA00DEB7DC /* User */,
			);
			path = Service;
			sourceTree = "<group>";
		};
		04A746E72B84660300182C5F /* Repository */ = {
			isa = PBXGroup;
			children = (
				04A746E82B84660A00182C5F /* Entity */,
				5BDBBD202B8476AC00DEB7DC /* UserRepository.swift */,
				5BDBBD222B8476B900DEB7DC /* HearRepository.swift */,
				5BDBBD242B8477C500DEB7DC /* MusicRepository.swift */,
			);
			path = Repository;
			sourceTree = "<group>";
		};
		04A746E82B84660A00182C5F /* Entity */ = {
			isa = PBXGroup;
			children = (
				04A746EE2B84671900182C5F /* UserEntity.swift */,
				04A746F02B84672300182C5F /* HearEntity.swift */,
				04A746F22B84673200182C5F /* MusicEntity.swift */,
				04A746F42B84673900182C5F /* FeelingEntity.swift */,
				04A747542B8DBB7500182C5F /* LocationEntity.swift */,
			);
			path = Entity;
			sourceTree = "<group>";
		};
		04A746E92B84663A00182C5F /* Manager */ = {
			isa = PBXGroup;
			children = (
				04A746EC2B84670300182C5F /* NotificationManager.swift */,
				04A747952B934C4000182C5F /* MusicManger.swift */,
				04A7479B2B9363DE00182C5F /* ManagerError.swift */,
			);
			path = Manager;
			sourceTree = "<group>";
		};
		04A746EA2B84665100182C5F /* Resource */ = {
			isa = PBXGroup;
			children = (
				04A746BD2B8464A800182C5F /* Assets.xcassets */,
				5BDBBD322B84800300DEB7DC /* Colors.xcassets */,
				5BDBBD342B8483D500DEB7DC /* Localizable.xcstrings */,
				5BDBBD3A2B84844200DEB7DC /* InfoPlist.strings */,
			);
			path = Resource;
			sourceTree = "<group>";
		};
		04A746EB2B84668E00182C5F /* App */ = {
			isa = PBXGroup;
			children = (
				04A746B92B8464A700182C5F /* Here_HearApp.swift */,
				04A7471B2B849C2E00182C5F /* AppDelegate.swift */,
			);
			path = App;
			sourceTree = "<group>";
		};
		04A747562B8DBBE600182C5F /* Geohash */ = {
			isa = PBXGroup;
			children = (
				04A747572B8DBBF900182C5F /* GeohashService.swift */,
			);
			path = Geohash;
			sourceTree = "<group>";
		};
		5B0142D72B9347080033FB9C /* RegisterProfile */ = {
			isa = PBXGroup;
			children = (
				5B0142D32B9346F00033FB9C /* RegisterNicknameView.swift */,
				5B0142E12B95EAC40033FB9C /* RegisterNicknameViewModel.swift */,
				5B0142D52B9347040033FB9C /* RegisterProfileImageView.swift */,
				5B0142E72B973FDC0033FB9C /* RegisterProfileImageViewModel.swift */,
				5B7690702B9892430023A26F /* ProfileImagePicker.swift */,
			);
			path = RegisterProfile;
			sourceTree = "<group>";
		};
		5B0142DC2B9368A80033FB9C /* OnBoard */ = {
			isa = PBXGroup;
			children = (
				5B0142DD2B9368CD0033FB9C /* OnBoardRouterView.swift */,
				5B0142E32B95ED5B0033FB9C /* OnBoardRouterViewModel.swift */,
				5B0142DF2B9372CC0033FB9C /* OnBoardingView.swift */,
			);
			path = OnBoard;
			sourceTree = "<group>";
		};
		5B7690722B98A3430023A26F /* ViewModifier */ = {
			isa = PBXGroup;
			children = (
				5B7690732B98A35E0023A26F /* NavigationAdaptor.swift */,
			);
			path = ViewModifier;
			sourceTree = "<group>";
		};
		5BDBBD132B846F4C00DEB7DC /* General */ = {
			isa = PBXGroup;
			children = (
				5B7690722B98A3430023A26F /* ViewModifier */,
				5BDBBD172B846F7E00DEB7DC /* Utility */,
				5BDBBD162B846F6A00DEB7DC /* DIContainer */,
				5BDBBD152B846F6000DEB7DC /* ViewComponent */,
				5BDBBD142B846F5A00DEB7DC /* ButtonStyle */,
			);
			path = General;
			sourceTree = "<group>";
		};
		5BDBBD142B846F5A00DEB7DC /* ButtonStyle */ = {
			isa = PBXGroup;
			children = (
				04A747382B89AD6F00182C5F /* LoginButtonStyle.swift */,
			);
			path = ButtonStyle;
			sourceTree = "<group>";
		};
		5BDBBD152B846F6000DEB7DC /* ViewComponent */ = {
			isa = PBXGroup;
			children = (
				5BDBBD1C2B846FA900DEB7DC /* ViewComponent.swift */,
				5BEA6AFF2B9F3364006C48AC /* RemoteImage */,
				5B0142D82B9356670033FB9C /* NicknameTextField.swift */,
				5B0142E52B960BCB0033FB9C /* HHProgressBar.swift */,
			);
			path = ViewComponent;
			sourceTree = "<group>";
		};
		5BDBBD162B846F6A00DEB7DC /* DIContainer */ = {
			isa = PBXGroup;
			children = (
				5BDBBD1A2B846F9F00DEB7DC /* DIContainer.swift */,
			);
			path = DIContainer;
			sourceTree = "<group>";
		};
		5BDBBD172B846F7E00DEB7DC /* Utility */ = {
			isa = PBXGroup;
			children = (
				5BDBBD182B846F9400DEB7DC /* Color+HexConverter.swift */,
				04A747212B85D72400182C5F /* CGPoint+Extension.swift */,
				04A747232B85DCDB00182C5F /* Color+StringConverter.swift */,
				04A7473F2B8C31E900182C5F /* RandomNonceString.swift */,
				04A747412B8C320C00182C5F /* SHA256.swift */,
			);
			path = Utility;
			sourceTree = "<group>";
		};
		5BDBBD282B8479CA00DEB7DC /* User */ = {
			isa = PBXGroup;
			children = (
				5BDBBD262B8479C400DEB7DC /* UserService.swift */,
			);
			path = User;
			sourceTree = "<group>";
		};
		5BDBBD2F2B847A2A00DEB7DC /* Auth */ = {
			isa = PBXGroup;
			children = (
				5BDBBD2D2B847A2700DEB7DC /* AuthService.swift */,
			);
			path = Auth;
			sourceTree = "<group>";
		};
		5BDBBD302B847A3100DEB7DC /* Hear */ = {
			isa = PBXGroup;
			children = (
				5BDBBD292B8479D900DEB7DC /* HearService.swift */,
			);
			path = Hear;
			sourceTree = "<group>";
		};
		5BDBBD312B847A3800DEB7DC /* Music */ = {
			isa = PBXGroup;
			children = (
				5BDBBD2B2B8479E700DEB7DC /* MusicService.swift */,
			);
			path = Music;
			sourceTree = "<group>";
		};
		5BDEDCEE2B99DBFC0055D40A /* Image */ = {
			isa = PBXGroup;
			children = (
				5BDEDCEC2B99D9800055D40A /* ImageUploadService.swift */,
				5BA429CC2B9C598C00998112 /* ImageService.swift */,
				5BEA6B022B9F3522006C48AC /* StorageImageService.swift */,
				5BA429CE2B9C59F700998112 /* ImageMemoryStorage.swift */,
				5BA429D02B9C5A0200998112 /* ImageDiskStorage.swift */,
			);
			path = Image;
			sourceTree = "<group>";
		};
		5BEA6AFF2B9F3364006C48AC /* RemoteImage */ = {
			isa = PBXGroup;
			children = (
				5BEA6AFD2B9F32D4006C48AC /* RemoteImage.swift */,
				5BEA6B002B9F33E6006C48AC /* RemoteImageViewModel.swift */,
				5BEA6B042B9F3D0A006C48AC /* RemoteImageLoadingState.swift */,
			);
			path = RemoteImage;
			sourceTree = "<group>";
		};
/* End PBXGroup section */

/* Begin PBXNativeTarget section */
		04A746B52B8464A700182C5F /* Here-Hear */ = {
			isa = PBXNativeTarget;
			buildConfigurationList = 04A746DA2B8464A800182C5F /* Build configuration list for PBXNativeTarget "Here-Hear" */;
			buildPhases = (
				5BDBBD3D2B8486AB00DEB7DC /* SwiftLint Script */,
				04A746B22B8464A700182C5F /* Sources */,
				04A746B32B8464A700182C5F /* Frameworks */,
				04A746B42B8464A700182C5F /* Resources */,
			);
			buildRules = (
			);
			dependencies = (
			);
			name = "Here-Hear";
			packageProductDependencies = (
				04A747262B8738F900182C5F /* GoogleSignIn */,
				04A747282B8738F900182C5F /* GoogleSignInSwift */,
				04A747482B8DB9C400182C5F /* Geohash */,
				04C014592BA32541005F1A77 /* FirebaseAuth */,
				04C0145B2BA32541005F1A77 /* FirebaseFirestore */,
				04C0145D2BA32541005F1A77 /* FirebaseStorage */,
			);
			productName = "Here-Hear";
			productReference = 04A746B62B8464A700182C5F /* Here-Hear.app */;
			productType = "com.apple.product-type.application";
		};
		04A746C52B8464A800182C5F /* Here-HearTests */ = {
			isa = PBXNativeTarget;
			buildConfigurationList = 04A746DD2B8464A800182C5F /* Build configuration list for PBXNativeTarget "Here-HearTests" */;
			buildPhases = (
				04A746C22B8464A800182C5F /* Sources */,
				04A746C32B8464A800182C5F /* Frameworks */,
				04A746C42B8464A800182C5F /* Resources */,
			);
			buildRules = (
			);
			dependencies = (
				04A746C82B8464A800182C5F /* PBXTargetDependency */,
			);
			name = "Here-HearTests";
			productName = "Here-HearTests";
			productReference = 04A746C62B8464A800182C5F /* Here-HearTests.xctest */;
			productType = "com.apple.product-type.bundle.unit-test";
		};
		04A746CF2B8464A800182C5F /* Here-HearUITests */ = {
			isa = PBXNativeTarget;
			buildConfigurationList = 04A746E02B8464A800182C5F /* Build configuration list for PBXNativeTarget "Here-HearUITests" */;
			buildPhases = (
				04A746CC2B8464A800182C5F /* Sources */,
				04A746CD2B8464A800182C5F /* Frameworks */,
				04A746CE2B8464A800182C5F /* Resources */,
			);
			buildRules = (
			);
			dependencies = (
				04A746D22B8464A800182C5F /* PBXTargetDependency */,
			);
			name = "Here-HearUITests";
			productName = "Here-HearUITests";
			productReference = 04A746D02B8464A800182C5F /* Here-HearUITests.xctest */;
			productType = "com.apple.product-type.bundle.ui-testing";
		};
/* End PBXNativeTarget section */

/* Begin PBXProject section */
		04A746AE2B8464A700182C5F /* Project object */ = {
			isa = PBXProject;
			attributes = {
				BuildIndependentTargetsInParallel = 1;
				LastSwiftUpdateCheck = 1520;
				LastUpgradeCheck = 1530;
				TargetAttributes = {
					04A746B52B8464A700182C5F = {
						CreatedOnToolsVersion = 15.2;
					};
					04A746C52B8464A800182C5F = {
						CreatedOnToolsVersion = 15.2;
						TestTargetID = 04A746B52B8464A700182C5F;
					};
					04A746CF2B8464A800182C5F = {
						CreatedOnToolsVersion = 15.2;
						TestTargetID = 04A746B52B8464A700182C5F;
					};
				};
			};
			buildConfigurationList = 04A746B12B8464A700182C5F /* Build configuration list for PBXProject "Here-Hear" */;
			compatibilityVersion = "Xcode 14.0";
			developmentRegion = en;
			hasScannedForEncodings = 0;
			knownRegions = (
				en,
				Base,
				ko,
			);
			mainGroup = 04A746AD2B8464A700182C5F;
			packageReferences = (
				04A747252B8738F900182C5F /* XCRemoteSwiftPackageReference "GoogleSignIn-iOS" */,
				04A747472B8DB9C400182C5F /* XCRemoteSwiftPackageReference "Geohash" */,
				04C014582BA32541005F1A77 /* XCRemoteSwiftPackageReference "firebase-ios-sdk" */,
			);
			productRefGroup = 04A746B72B8464A700182C5F /* Products */;
			projectDirPath = "";
			projectRoot = "";
			targets = (
				04A746B52B8464A700182C5F /* Here-Hear */,
				04A746C52B8464A800182C5F /* Here-HearTests */,
				04A746CF2B8464A800182C5F /* Here-HearUITests */,
			);
		};
/* End PBXProject section */

/* Begin PBXResourcesBuildPhase section */
		04A746B42B8464A700182C5F /* Resources */ = {
			isa = PBXResourcesBuildPhase;
			buildActionMask = 2147483647;
			files = (
				5BDBBD3F2B84888500DEB7DC /* .swiftlint.yml in Resources */,
				5BDBBD332B84800300DEB7DC /* Colors.xcassets in Resources */,
				04A746C12B8464A800182C5F /* Preview Assets.xcassets in Resources */,
				5BDBBD352B8483D500DEB7DC /* Localizable.xcstrings in Resources */,
				04A746BE2B8464A800182C5F /* Assets.xcassets in Resources */,
				5BDBBD382B84844200DEB7DC /* InfoPlist.strings in Resources */,
				04C014572BA32441005F1A77 /* GoogleService-Info.plist in Resources */,
			);
			runOnlyForDeploymentPostprocessing = 0;
		};
		04A746C42B8464A800182C5F /* Resources */ = {
			isa = PBXResourcesBuildPhase;
			buildActionMask = 2147483647;
			files = (
			);
			runOnlyForDeploymentPostprocessing = 0;
		};
		04A746CE2B8464A800182C5F /* Resources */ = {
			isa = PBXResourcesBuildPhase;
			buildActionMask = 2147483647;
			files = (
			);
			runOnlyForDeploymentPostprocessing = 0;
		};
/* End PBXResourcesBuildPhase section */

/* Begin PBXShellScriptBuildPhase section */
		5BDBBD3D2B8486AB00DEB7DC /* SwiftLint Script */ = {
			isa = PBXShellScriptBuildPhase;
			buildActionMask = 2147483647;
			files = (
			);
			inputFileListPaths = (
			);
			inputPaths = (
			);
			name = "SwiftLint Script";
			outputFileListPaths = (
			);
			outputPaths = (
			);
			runOnlyForDeploymentPostprocessing = 0;
			shellPath = /bin/sh;
			shellScript = "if [[ \"$(uname -m)\" == arm64 ]]; then\n    export PATH=\"/opt/homebrew/bin:$PATH\"\nfi\n\nif which swiftlint >/dev/null; then\n  swiftlint\nelse\n  echo \"warning: SwiftLint not installed, download from https://github.com/realm/SwiftLint\"\nfi\n";
		};
/* End PBXShellScriptBuildPhase section */

/* Begin PBXSourcesBuildPhase section */
		04A746B22B8464A700182C5F /* Sources */ = {
			isa = PBXSourcesBuildPhase;
			buildActionMask = 2147483647;
			files = (
				04A747A02B95E73500182C5F /* CameraHomeView.swift in Sources */,
				5BDEDCED2B99D9800055D40A /* ImageUploadService.swift in Sources */,
				04A747422B8C320C00182C5F /* SHA256.swift in Sources */,
				5B0142E22B95EAC40033FB9C /* RegisterNicknameViewModel.swift in Sources */,
				5BDBBD192B846F9400DEB7DC /* Color+HexConverter.swift in Sources */,
				04A7472F2B88600100182C5F /* LoginView.swift in Sources */,
				5BEA6B052B9F3D0A006C48AC /* RemoteImageLoadingState.swift in Sources */,
				5BDBBD232B8476B900DEB7DC /* HearRepository.swift in Sources */,
				5B7690712B9892430023A26F /* ProfileImagePicker.swift in Sources */,
				5BA429CD2B9C598C00998112 /* ImageService.swift in Sources */,
				5BEA6AFE2B9F32D4006C48AC /* RemoteImage.swift in Sources */,
				04A747092B8467FB00182C5F /* Services.swift in Sources */,
				04C014642BA9B87B005F1A77 /*  VideoTextAddingView.swift in Sources */,
				04A7479A2B93563B00182C5F /* AddMusicToHear.swift in Sources */,
				5BDBBD212B8476AC00DEB7DC /* UserRepository.swift in Sources */,
				04A746F52B84673900182C5F /* FeelingEntity.swift in Sources */,
				04A747372B8872D100182C5F /* ServiceError.swift in Sources */,
				04A747072B8467E100182C5F /* MainView.swift in Sources */,
				04A7479C2B9363DE00182C5F /* ManagerError.swift in Sources */,
				04A746F32B84673200182C5F /* MusicEntity.swift in Sources */,
				04A746FD2B84678F00182C5F /* UserModel.swift in Sources */,
				04A747392B89AD6F00182C5F /* LoginButtonStyle.swift in Sources */,
				5B7690742B98A35E0023A26F /* NavigationAdaptor.swift in Sources */,
				5B0142E82B973FDC0033FB9C /* RegisterProfileImageViewModel.swift in Sources */,
				04A747012B84679E00182C5F /* MusicModel.swift in Sources */,
				04A747532B8DBB3600182C5F /* FeelingEntity+Mock.swift in Sources */,
				5BDBBD1B2B846F9F00DEB7DC /* DIContainer.swift in Sources */,
				04A747242B85DCDB00182C5F /* Color+StringConverter.swift in Sources */,
				5BDBBD2C2B8479E700DEB7DC /* MusicService.swift in Sources */,
				04A747202B85C37E00182C5F /* Weather.swift in Sources */,
				04A746F12B84672300182C5F /* HearEntity.swift in Sources */,
				5BA429D12B9C5A0200998112 /* ImageDiskStorage.swift in Sources */,
				04A7471C2B849C2E00182C5F /* AppDelegate.swift in Sources */,
				04A746ED2B84670300182C5F /* NotificationManager.swift in Sources */,
				5BDBBD252B8477C500DEB7DC /* MusicRepository.swift in Sources */,
				5BDBBD2E2B847A2700DEB7DC /* AuthService.swift in Sources */,
				04A747582B8DBBF900182C5F /* GeohashService.swift in Sources */,
				5B0142E02B9372CC0033FB9C /* OnBoardingView.swift in Sources */,
				04A747512B8DBB2800182C5F /* HearEntity+Mock.swift in Sources */,
				04C014602BA483D9005F1A77 /* CameraViewModel.swift in Sources */,
				5BDBBD272B8479C400DEB7DC /* UserService.swift in Sources */,
				04A747962B934C4000182C5F /* MusicManger.swift in Sources */,
				04A746BC2B8464A700182C5F /* AuthenticatedView.swift in Sources */,
				04A7474F2B8DBB1700182C5F /* MusicEntity+Mock.swift in Sources */,
				5B0142D42B9346F00033FB9C /* RegisterNicknameView.swift in Sources */,
				04A746BA2B8464A700182C5F /* Here_HearApp.swift in Sources */,
				04A747982B9354C100182C5F /* MusicViewModel.swift in Sources */,
				5B0142D92B9356670033FB9C /* NicknameTextField.swift in Sources */,
				04A7474D2B8DBAD200182C5F /* GeohashPrecision.swift in Sources */,
				5BDBBD1D2B846FA900DEB7DC /* ViewComponent.swift in Sources */,
				04A746FF2B84679700182C5F /* HearModel.swift in Sources */,
				04A746EF2B84671900182C5F /* UserEntity.swift in Sources */,
				04C014622BA484DD005F1A77 /* CameraView.swift in Sources */,
				04A747332B88647800182C5F /* AuthViewModel.swift in Sources */,
				04A747402B8C31E900182C5F /* RandomNonceString.swift in Sources */,
				5BA429CF2B9C59F700998112 /* ImageMemoryStorage.swift in Sources */,
				04A747032B8467A300182C5F /* FeelingModel.swift in Sources */,
				5B0142E62B960BCB0033FB9C /* HHProgressBar.swift in Sources */,
				5BEA6B012B9F33E6006C48AC /* RemoteImageViewModel.swift in Sources */,
				5B0142D62B9347040033FB9C /* RegisterProfileImageView.swift in Sources */,
				5BDBBD2A2B8479D900DEB7DC /* HearService.swift in Sources */,
				04A7474B2B8DBA6100182C5F /* LocationModel.swift in Sources */,
				5B0142E42B95ED5B0033FB9C /* OnBoardRouterViewModel.swift in Sources */,
				5B0142DE2B9368CD0033FB9C /* OnBoardRouterView.swift in Sources */,
				5BEA6B032B9F3522006C48AC /* StorageImageService.swift in Sources */,
				04A747552B8DBB7500182C5F /* LocationEntity.swift in Sources */,
				04A747222B85D72400182C5F /* CGPoint+Extension.swift in Sources */,
			);
			runOnlyForDeploymentPostprocessing = 0;
		};
		04A746C22B8464A800182C5F /* Sources */ = {
			isa = PBXSourcesBuildPhase;
			buildActionMask = 2147483647;
			files = (
				04A746CB2B8464A800182C5F /* Here_HearTests.swift in Sources */,
			);
			runOnlyForDeploymentPostprocessing = 0;
		};
		04A746CC2B8464A800182C5F /* Sources */ = {
			isa = PBXSourcesBuildPhase;
			buildActionMask = 2147483647;
			files = (
				04A746D72B8464A800182C5F /* Here_HearUITestsLaunchTests.swift in Sources */,
				04A746D52B8464A800182C5F /* Here_HearUITests.swift in Sources */,
			);
			runOnlyForDeploymentPostprocessing = 0;
		};
/* End PBXSourcesBuildPhase section */

/* Begin PBXTargetDependency section */
		04A746C82B8464A800182C5F /* PBXTargetDependency */ = {
			isa = PBXTargetDependency;
			target = 04A746B52B8464A700182C5F /* Here-Hear */;
			targetProxy = 04A746C72B8464A800182C5F /* PBXContainerItemProxy */;
		};
		04A746D22B8464A800182C5F /* PBXTargetDependency */ = {
			isa = PBXTargetDependency;
			target = 04A746B52B8464A700182C5F /* Here-Hear */;
			targetProxy = 04A746D12B8464A800182C5F /* PBXContainerItemProxy */;
		};
/* End PBXTargetDependency section */

/* Begin PBXVariantGroup section */
		5BDBBD3A2B84844200DEB7DC /* InfoPlist.strings */ = {
			isa = PBXVariantGroup;
			children = (
				5BDBBD392B84844200DEB7DC /* en */,
				5BDBBD3B2B84844700DEB7DC /* ko */,
			);
			name = InfoPlist.strings;
			sourceTree = "<group>";
		};
/* End PBXVariantGroup section */

/* Begin XCBuildConfiguration section */
		04A746D82B8464A800182C5F /* Debug */ = {
			isa = XCBuildConfiguration;
			buildSettings = {
				ALWAYS_SEARCH_USER_PATHS = NO;
				ASSETCATALOG_COMPILER_GENERATE_SWIFT_ASSET_SYMBOL_EXTENSIONS = YES;
				CLANG_ANALYZER_LOCALIZABILITY_NONLOCALIZED = YES;
				CLANG_ANALYZER_NONNULL = YES;
				CLANG_ANALYZER_NUMBER_OBJECT_CONVERSION = YES_AGGRESSIVE;
				CLANG_CXX_LANGUAGE_STANDARD = "gnu++20";
				CLANG_ENABLE_MODULES = YES;
				CLANG_ENABLE_OBJC_ARC = YES;
				CLANG_ENABLE_OBJC_WEAK = YES;
				CLANG_WARN_BLOCK_CAPTURE_AUTORELEASING = YES;
				CLANG_WARN_BOOL_CONVERSION = YES;
				CLANG_WARN_COMMA = YES;
				CLANG_WARN_CONSTANT_CONVERSION = YES;
				CLANG_WARN_DEPRECATED_OBJC_IMPLEMENTATIONS = YES;
				CLANG_WARN_DIRECT_OBJC_ISA_USAGE = YES_ERROR;
				CLANG_WARN_DOCUMENTATION_COMMENTS = YES;
				CLANG_WARN_EMPTY_BODY = YES;
				CLANG_WARN_ENUM_CONVERSION = YES;
				CLANG_WARN_INFINITE_RECURSION = YES;
				CLANG_WARN_INT_CONVERSION = YES;
				CLANG_WARN_NON_LITERAL_NULL_CONVERSION = YES;
				CLANG_WARN_OBJC_IMPLICIT_RETAIN_SELF = YES;
				CLANG_WARN_OBJC_LITERAL_CONVERSION = YES;
				CLANG_WARN_OBJC_ROOT_CLASS = YES_ERROR;
				CLANG_WARN_QUOTED_INCLUDE_IN_FRAMEWORK_HEADER = YES;
				CLANG_WARN_RANGE_LOOP_ANALYSIS = YES;
				CLANG_WARN_STRICT_PROTOTYPES = YES;
				CLANG_WARN_SUSPICIOUS_MOVE = YES;
				CLANG_WARN_UNGUARDED_AVAILABILITY = YES_AGGRESSIVE;
				CLANG_WARN_UNREACHABLE_CODE = YES;
				CLANG_WARN__DUPLICATE_METHOD_MATCH = YES;
				COPY_PHASE_STRIP = NO;
				DEBUG_INFORMATION_FORMAT = dwarf;
				ENABLE_STRICT_OBJC_MSGSEND = YES;
				ENABLE_TESTABILITY = YES;
				ENABLE_USER_SCRIPT_SANDBOXING = YES;
				GCC_C_LANGUAGE_STANDARD = gnu17;
				GCC_DYNAMIC_NO_PIC = NO;
				GCC_NO_COMMON_BLOCKS = YES;
				GCC_OPTIMIZATION_LEVEL = 0;
				GCC_PREPROCESSOR_DEFINITIONS = (
					"DEBUG=1",
					"$(inherited)",
				);
				GCC_WARN_64_TO_32_BIT_CONVERSION = YES;
				GCC_WARN_ABOUT_RETURN_TYPE = YES_ERROR;
				GCC_WARN_UNDECLARED_SELECTOR = YES;
				GCC_WARN_UNINITIALIZED_AUTOS = YES_AGGRESSIVE;
				GCC_WARN_UNUSED_FUNCTION = YES;
				GCC_WARN_UNUSED_VARIABLE = YES;
				IPHONEOS_DEPLOYMENT_TARGET = 15.0;
				LOCALIZATION_PREFERS_STRING_CATALOGS = YES;
				MTL_ENABLE_DEBUG_INFO = INCLUDE_SOURCE;
				MTL_FAST_MATH = YES;
				ONLY_ACTIVE_ARCH = YES;
				SDKROOT = iphoneos;
				SWIFT_ACTIVE_COMPILATION_CONDITIONS = "DEBUG $(inherited)";
				SWIFT_OPTIMIZATION_LEVEL = "-Onone";
			};
			name = Debug;
		};
		04A746D92B8464A800182C5F /* Release */ = {
			isa = XCBuildConfiguration;
			buildSettings = {
				ALWAYS_SEARCH_USER_PATHS = NO;
				ASSETCATALOG_COMPILER_GENERATE_SWIFT_ASSET_SYMBOL_EXTENSIONS = YES;
				CLANG_ANALYZER_LOCALIZABILITY_NONLOCALIZED = YES;
				CLANG_ANALYZER_NONNULL = YES;
				CLANG_ANALYZER_NUMBER_OBJECT_CONVERSION = YES_AGGRESSIVE;
				CLANG_CXX_LANGUAGE_STANDARD = "gnu++20";
				CLANG_ENABLE_MODULES = YES;
				CLANG_ENABLE_OBJC_ARC = YES;
				CLANG_ENABLE_OBJC_WEAK = YES;
				CLANG_WARN_BLOCK_CAPTURE_AUTORELEASING = YES;
				CLANG_WARN_BOOL_CONVERSION = YES;
				CLANG_WARN_COMMA = YES;
				CLANG_WARN_CONSTANT_CONVERSION = YES;
				CLANG_WARN_DEPRECATED_OBJC_IMPLEMENTATIONS = YES;
				CLANG_WARN_DIRECT_OBJC_ISA_USAGE = YES_ERROR;
				CLANG_WARN_DOCUMENTATION_COMMENTS = YES;
				CLANG_WARN_EMPTY_BODY = YES;
				CLANG_WARN_ENUM_CONVERSION = YES;
				CLANG_WARN_INFINITE_RECURSION = YES;
				CLANG_WARN_INT_CONVERSION = YES;
				CLANG_WARN_NON_LITERAL_NULL_CONVERSION = YES;
				CLANG_WARN_OBJC_IMPLICIT_RETAIN_SELF = YES;
				CLANG_WARN_OBJC_LITERAL_CONVERSION = YES;
				CLANG_WARN_OBJC_ROOT_CLASS = YES_ERROR;
				CLANG_WARN_QUOTED_INCLUDE_IN_FRAMEWORK_HEADER = YES;
				CLANG_WARN_RANGE_LOOP_ANALYSIS = YES;
				CLANG_WARN_STRICT_PROTOTYPES = YES;
				CLANG_WARN_SUSPICIOUS_MOVE = YES;
				CLANG_WARN_UNGUARDED_AVAILABILITY = YES_AGGRESSIVE;
				CLANG_WARN_UNREACHABLE_CODE = YES;
				CLANG_WARN__DUPLICATE_METHOD_MATCH = YES;
				COPY_PHASE_STRIP = NO;
				DEBUG_INFORMATION_FORMAT = "dwarf-with-dsym";
				ENABLE_NS_ASSERTIONS = NO;
				ENABLE_STRICT_OBJC_MSGSEND = YES;
				ENABLE_USER_SCRIPT_SANDBOXING = YES;
				GCC_C_LANGUAGE_STANDARD = gnu17;
				GCC_NO_COMMON_BLOCKS = YES;
				GCC_WARN_64_TO_32_BIT_CONVERSION = YES;
				GCC_WARN_ABOUT_RETURN_TYPE = YES_ERROR;
				GCC_WARN_UNDECLARED_SELECTOR = YES;
				GCC_WARN_UNINITIALIZED_AUTOS = YES_AGGRESSIVE;
				GCC_WARN_UNUSED_FUNCTION = YES;
				GCC_WARN_UNUSED_VARIABLE = YES;
				IPHONEOS_DEPLOYMENT_TARGET = 15.0;
				LOCALIZATION_PREFERS_STRING_CATALOGS = YES;
				MTL_ENABLE_DEBUG_INFO = NO;
				MTL_FAST_MATH = YES;
				SDKROOT = iphoneos;
				SWIFT_COMPILATION_MODE = wholemodule;
				VALIDATE_PRODUCT = YES;
			};
			name = Release;
		};
		04A746DB2B8464A800182C5F /* Debug */ = {
			isa = XCBuildConfiguration;
			buildSettings = {
				ASSETCATALOG_COMPILER_APPICON_NAME = AppIcon;
				ASSETCATALOG_COMPILER_GLOBAL_ACCENT_COLOR_NAME = AccentColor;
				CODE_SIGN_ENTITLEMENTS = "Here-Hear/Here-Hear.entitlements";
				CODE_SIGN_STYLE = Automatic;
				CURRENT_PROJECT_VERSION = 1;
				DEVELOPMENT_ASSET_PATHS = "\"Here-Hear/Preview Content\"";
				DEVELOPMENT_TEAM = QUMNMR4BSR;
				ENABLE_PREVIEWS = YES;
				ENABLE_USER_SCRIPT_SANDBOXING = NO;
				GENERATE_INFOPLIST_FILE = YES;
				INFOPLIST_FILE = "Here-Hear/Info.plist";
				INFOPLIST_KEY_CFBundleDisplayName = "";
				INFOPLIST_KEY_LSApplicationCategoryType = "public.app-category.music";
				INFOPLIST_KEY_NSAppleMusicUsageDescription = "Here, Hear please allow acess to continue.";
				INFOPLIST_KEY_NSCameraUsageDescription = "Here, Hear requires access to your phone’s camera.";
				INFOPLIST_KEY_NSMicrophoneUsageDescription = "Here, Hear requires access to your phone's micro ";
				INFOPLIST_KEY_NSPhotoLibraryUsageDescription = "Here, Hear please allow acess to continue.";
				INFOPLIST_KEY_UIApplicationSceneManifest_Generation = YES;
				INFOPLIST_KEY_UIApplicationSupportsIndirectInputEvents = YES;
				INFOPLIST_KEY_UILaunchScreen_Generation = YES;
				INFOPLIST_KEY_UISupportedInterfaceOrientations = UIInterfaceOrientationPortrait;
				INFOPLIST_KEY_UISupportedInterfaceOrientations_iPad = "UIInterfaceOrientationLandscapeLeft UIInterfaceOrientationLandscapeRight UIInterfaceOrientationPortrait UIInterfaceOrientationPortraitUpsideDown";
				IPHONEOS_DEPLOYMENT_TARGET = 15.0;
				LD_RUNPATH_SEARCH_PATHS = (
					"$(inherited)",
					"@executable_path/Frameworks",
				);
				MARKETING_VERSION = 1.0;
				PRODUCT_BUNDLE_IDENTIFIER = "com.HereHear.Here-Hear";
				PRODUCT_NAME = "$(TARGET_NAME)";
				SUPPORTED_PLATFORMS = "iphoneos iphonesimulator";
				SUPPORTS_MACCATALYST = NO;
				SUPPORTS_MAC_DESIGNED_FOR_IPHONE_IPAD = NO;
				SUPPORTS_XR_DESIGNED_FOR_IPHONE_IPAD = NO;
				SWIFT_EMIT_LOC_STRINGS = YES;
				SWIFT_VERSION = 5.0;
				TARGETED_DEVICE_FAMILY = 1;
			};
			name = Debug;
		};
		04A746DC2B8464A800182C5F /* Release */ = {
			isa = XCBuildConfiguration;
			buildSettings = {
				ASSETCATALOG_COMPILER_APPICON_NAME = AppIcon;
				ASSETCATALOG_COMPILER_GLOBAL_ACCENT_COLOR_NAME = AccentColor;
				CODE_SIGN_ENTITLEMENTS = "Here-Hear/Here-Hear.entitlements";
				CODE_SIGN_STYLE = Automatic;
				CURRENT_PROJECT_VERSION = 1;
				DEVELOPMENT_ASSET_PATHS = "\"Here-Hear/Preview Content\"";
				DEVELOPMENT_TEAM = QUMNMR4BSR;
				ENABLE_PREVIEWS = YES;
				ENABLE_USER_SCRIPT_SANDBOXING = NO;
				GENERATE_INFOPLIST_FILE = YES;
				INFOPLIST_FILE = "Here-Hear/Info.plist";
				INFOPLIST_KEY_CFBundleDisplayName = "";
				INFOPLIST_KEY_LSApplicationCategoryType = "public.app-category.music";
				INFOPLIST_KEY_NSAppleMusicUsageDescription = "Here, Hear please allow acess to continue.";
				INFOPLIST_KEY_NSCameraUsageDescription = "Here, Hear requires access to your phone’s camera.";
				INFOPLIST_KEY_NSMicrophoneUsageDescription = "Here, Hear requires access to your phone's micro ";
				INFOPLIST_KEY_NSPhotoLibraryUsageDescription = "Here, Hear please allow acess to continue.";
				INFOPLIST_KEY_UIApplicationSceneManifest_Generation = YES;
				INFOPLIST_KEY_UIApplicationSupportsIndirectInputEvents = YES;
				INFOPLIST_KEY_UILaunchScreen_Generation = YES;
				INFOPLIST_KEY_UISupportedInterfaceOrientations = UIInterfaceOrientationPortrait;
				INFOPLIST_KEY_UISupportedInterfaceOrientations_iPad = "UIInterfaceOrientationLandscapeLeft UIInterfaceOrientationLandscapeRight UIInterfaceOrientationPortrait UIInterfaceOrientationPortraitUpsideDown";
				IPHONEOS_DEPLOYMENT_TARGET = 15.0;
				LD_RUNPATH_SEARCH_PATHS = (
					"$(inherited)",
					"@executable_path/Frameworks",
				);
				MARKETING_VERSION = 1.0;
				PRODUCT_BUNDLE_IDENTIFIER = "com.HereHear.Here-Hear";
				PRODUCT_NAME = "$(TARGET_NAME)";
				SUPPORTED_PLATFORMS = "iphoneos iphonesimulator";
				SUPPORTS_MACCATALYST = NO;
				SUPPORTS_MAC_DESIGNED_FOR_IPHONE_IPAD = NO;
				SUPPORTS_XR_DESIGNED_FOR_IPHONE_IPAD = NO;
				SWIFT_EMIT_LOC_STRINGS = YES;
				SWIFT_VERSION = 5.0;
				TARGETED_DEVICE_FAMILY = 1;
			};
			name = Release;
		};
		04A746DE2B8464A800182C5F /* Debug */ = {
			isa = XCBuildConfiguration;
			buildSettings = {
				ALWAYS_EMBED_SWIFT_STANDARD_LIBRARIES = YES;
				BUNDLE_LOADER = "$(TEST_HOST)";
				CODE_SIGN_STYLE = Automatic;
				CURRENT_PROJECT_VERSION = 1;
				DEVELOPMENT_TEAM = QUMNMR4BSR;
				GENERATE_INFOPLIST_FILE = YES;
				IPHONEOS_DEPLOYMENT_TARGET = 15.0;
				MARKETING_VERSION = 1.0;
				PRODUCT_BUNDLE_IDENTIFIER = "com.HereHear.Here-HearTests";
				PRODUCT_NAME = "$(TARGET_NAME)";
				SUPPORTED_PLATFORMS = "iphoneos iphonesimulator";
				SUPPORTS_MACCATALYST = NO;
				SUPPORTS_MAC_DESIGNED_FOR_IPHONE_IPAD = NO;
				SUPPORTS_XR_DESIGNED_FOR_IPHONE_IPAD = NO;
				SWIFT_EMIT_LOC_STRINGS = NO;
				SWIFT_VERSION = 5.0;
				TARGETED_DEVICE_FAMILY = 1;
				TEST_HOST = "$(BUILT_PRODUCTS_DIR)/Here-Hear.app/$(BUNDLE_EXECUTABLE_FOLDER_PATH)/Here-Hear";
			};
			name = Debug;
		};
		04A746DF2B8464A800182C5F /* Release */ = {
			isa = XCBuildConfiguration;
			buildSettings = {
				ALWAYS_EMBED_SWIFT_STANDARD_LIBRARIES = YES;
				BUNDLE_LOADER = "$(TEST_HOST)";
				CODE_SIGN_STYLE = Automatic;
				CURRENT_PROJECT_VERSION = 1;
				DEVELOPMENT_TEAM = QUMNMR4BSR;
				GENERATE_INFOPLIST_FILE = YES;
				IPHONEOS_DEPLOYMENT_TARGET = 15.0;
				MARKETING_VERSION = 1.0;
				PRODUCT_BUNDLE_IDENTIFIER = "com.HereHear.Here-HearTests";
				PRODUCT_NAME = "$(TARGET_NAME)";
				SUPPORTED_PLATFORMS = "iphoneos iphonesimulator";
				SUPPORTS_MACCATALYST = NO;
				SUPPORTS_MAC_DESIGNED_FOR_IPHONE_IPAD = NO;
				SUPPORTS_XR_DESIGNED_FOR_IPHONE_IPAD = NO;
				SWIFT_EMIT_LOC_STRINGS = NO;
				SWIFT_VERSION = 5.0;
				TARGETED_DEVICE_FAMILY = 1;
				TEST_HOST = "$(BUILT_PRODUCTS_DIR)/Here-Hear.app/$(BUNDLE_EXECUTABLE_FOLDER_PATH)/Here-Hear";
			};
			name = Release;
		};
		04A746E12B8464A800182C5F /* Debug */ = {
			isa = XCBuildConfiguration;
			buildSettings = {
				ALWAYS_EMBED_SWIFT_STANDARD_LIBRARIES = YES;
				CODE_SIGN_STYLE = Automatic;
				CURRENT_PROJECT_VERSION = 1;
				DEVELOPMENT_TEAM = QUMNMR4BSR;
				GENERATE_INFOPLIST_FILE = YES;
				MARKETING_VERSION = 1.0;
				PRODUCT_BUNDLE_IDENTIFIER = "com.HereHear.Here-HearUITests";
				PRODUCT_NAME = "$(TARGET_NAME)";
				SUPPORTED_PLATFORMS = "iphoneos iphonesimulator";
				SUPPORTS_MACCATALYST = NO;
				SUPPORTS_MAC_DESIGNED_FOR_IPHONE_IPAD = NO;
				SUPPORTS_XR_DESIGNED_FOR_IPHONE_IPAD = NO;
				SWIFT_EMIT_LOC_STRINGS = NO;
				SWIFT_VERSION = 5.0;
				TARGETED_DEVICE_FAMILY = 1;
				TEST_TARGET_NAME = "Here-Hear";
			};
			name = Debug;
		};
		04A746E22B8464A800182C5F /* Release */ = {
			isa = XCBuildConfiguration;
			buildSettings = {
				ALWAYS_EMBED_SWIFT_STANDARD_LIBRARIES = YES;
				CODE_SIGN_STYLE = Automatic;
				CURRENT_PROJECT_VERSION = 1;
				DEVELOPMENT_TEAM = QUMNMR4BSR;
				GENERATE_INFOPLIST_FILE = YES;
				MARKETING_VERSION = 1.0;
				PRODUCT_BUNDLE_IDENTIFIER = "com.HereHear.Here-HearUITests";
				PRODUCT_NAME = "$(TARGET_NAME)";
				SUPPORTED_PLATFORMS = "iphoneos iphonesimulator";
				SUPPORTS_MACCATALYST = NO;
				SUPPORTS_MAC_DESIGNED_FOR_IPHONE_IPAD = NO;
				SUPPORTS_XR_DESIGNED_FOR_IPHONE_IPAD = NO;
				SWIFT_EMIT_LOC_STRINGS = NO;
				SWIFT_VERSION = 5.0;
				TARGETED_DEVICE_FAMILY = 1;
				TEST_TARGET_NAME = "Here-Hear";
			};
			name = Release;
		};
/* End XCBuildConfiguration section */

/* Begin XCConfigurationList section */
		04A746B12B8464A700182C5F /* Build configuration list for PBXProject "Here-Hear" */ = {
			isa = XCConfigurationList;
			buildConfigurations = (
				04A746D82B8464A800182C5F /* Debug */,
				04A746D92B8464A800182C5F /* Release */,
			);
			defaultConfigurationIsVisible = 0;
			defaultConfigurationName = Release;
		};
		04A746DA2B8464A800182C5F /* Build configuration list for PBXNativeTarget "Here-Hear" */ = {
			isa = XCConfigurationList;
			buildConfigurations = (
				04A746DB2B8464A800182C5F /* Debug */,
				04A746DC2B8464A800182C5F /* Release */,
			);
			defaultConfigurationIsVisible = 0;
			defaultConfigurationName = Release;
		};
		04A746DD2B8464A800182C5F /* Build configuration list for PBXNativeTarget "Here-HearTests" */ = {
			isa = XCConfigurationList;
			buildConfigurations = (
				04A746DE2B8464A800182C5F /* Debug */,
				04A746DF2B8464A800182C5F /* Release */,
			);
			defaultConfigurationIsVisible = 0;
			defaultConfigurationName = Release;
		};
		04A746E02B8464A800182C5F /* Build configuration list for PBXNativeTarget "Here-HearUITests" */ = {
			isa = XCConfigurationList;
			buildConfigurations = (
				04A746E12B8464A800182C5F /* Debug */,
				04A746E22B8464A800182C5F /* Release */,
			);
			defaultConfigurationIsVisible = 0;
			defaultConfigurationName = Release;
		};
/* End XCConfigurationList section */

/* Begin XCRemoteSwiftPackageReference section */
		04A747252B8738F900182C5F /* XCRemoteSwiftPackageReference "GoogleSignIn-iOS" */ = {
			isa = XCRemoteSwiftPackageReference;
			repositoryURL = "https://github.com/google/GoogleSignIn-iOS";
			requirement = {
				kind = upToNextMajorVersion;
				minimumVersion = 7.0.0;
			};
		};
		04A747472B8DB9C400182C5F /* XCRemoteSwiftPackageReference "Geohash" */ = {
			isa = XCRemoteSwiftPackageReference;
			repositoryURL = "https://github.com/nh7a/Geohash";
			requirement = {
				branch = main;
				kind = branch;
			};
		};
		04C014582BA32541005F1A77 /* XCRemoteSwiftPackageReference "firebase-ios-sdk" */ = {
			isa = XCRemoteSwiftPackageReference;
			repositoryURL = "https://github.com/firebase/firebase-ios-sdk";
			requirement = {
				kind = upToNextMajorVersion;
				minimumVersion = 10.22.1;
			};
		};
/* End XCRemoteSwiftPackageReference section */

/* Begin XCSwiftPackageProductDependency section */
		04A747262B8738F900182C5F /* GoogleSignIn */ = {
			isa = XCSwiftPackageProductDependency;
			package = 04A747252B8738F900182C5F /* XCRemoteSwiftPackageReference "GoogleSignIn-iOS" */;
			productName = GoogleSignIn;
		};
		04A747282B8738F900182C5F /* GoogleSignInSwift */ = {
			isa = XCSwiftPackageProductDependency;
			package = 04A747252B8738F900182C5F /* XCRemoteSwiftPackageReference "GoogleSignIn-iOS" */;
			productName = GoogleSignInSwift;
		};
		04A747482B8DB9C400182C5F /* Geohash */ = {
			isa = XCSwiftPackageProductDependency;
			package = 04A747472B8DB9C400182C5F /* XCRemoteSwiftPackageReference "Geohash" */;
			productName = Geohash;
		};
		04C014592BA32541005F1A77 /* FirebaseAuth */ = {
			isa = XCSwiftPackageProductDependency;
			package = 04C014582BA32541005F1A77 /* XCRemoteSwiftPackageReference "firebase-ios-sdk" */;
			productName = FirebaseAuth;
		};
		04C0145B2BA32541005F1A77 /* FirebaseFirestore */ = {
			isa = XCSwiftPackageProductDependency;
			package = 04C014582BA32541005F1A77 /* XCRemoteSwiftPackageReference "firebase-ios-sdk" */;
			productName = FirebaseFirestore;
		};
		04C0145D2BA32541005F1A77 /* FirebaseStorage */ = {
			isa = XCSwiftPackageProductDependency;
			package = 04C014582BA32541005F1A77 /* XCRemoteSwiftPackageReference "firebase-ios-sdk" */;
			productName = FirebaseStorage;
		};
/* End XCSwiftPackageProductDependency section */
	};
	rootObject = 04A746AE2B8464A700182C5F /* Project object */;
}
